// !$*UTF8*$!
{
	archiveVersion = 1;
	classes = {
	};
	objectVersion = 50;
	objects = {

/* Begin PBXBuildFile section */
		F4973C3F2373597700BDF9DE /* AppDelegate.swift in Sources */ = {isa = PBXBuildFile; fileRef = F4973C3E2373597700BDF9DE /* AppDelegate.swift */; };
		F4973C412373597700BDF9DE /* SceneDelegate.swift in Sources */ = {isa = PBXBuildFile; fileRef = F4973C402373597700BDF9DE /* SceneDelegate.swift */; };
		F4973C432373597700BDF9DE /* ViewController.swift in Sources */ = {isa = PBXBuildFile; fileRef = F4973C422373597700BDF9DE /* ViewController.swift */; };
		F4973C462373597700BDF9DE /* Main.storyboard in Resources */ = {isa = PBXBuildFile; fileRef = F4973C442373597700BDF9DE /* Main.storyboard */; };
		F4973C482373597800BDF9DE /* Assets.xcassets in Resources */ = {isa = PBXBuildFile; fileRef = F4973C472373597800BDF9DE /* Assets.xcassets */; };
		F4973C4B2373597800BDF9DE /* LaunchScreen.storyboard in Resources */ = {isa = PBXBuildFile; fileRef = F4973C492373597800BDF9DE /* LaunchScreen.storyboard */; };
		F4973C552373663C00BDF9DE /* CustomButton.swift in Sources */ = {isa = PBXBuildFile; fileRef = F4973C542373663C00BDF9DE /* CustomButton.swift */; };
		F4973C572373689E00BDF9DE /* CounterView.swift in Sources */ = {isa = PBXBuildFile; fileRef = F4973C562373689E00BDF9DE /* CounterView.swift */; };
/* End PBXBuildFile section */

/* Begin PBXFileReference section */
		F4973C3B2373597700BDF9DE /* IUE-Worksheet5.app */ = {isa = PBXFileReference; explicitFileType = wrapper.application; includeInIndex = 0; path = "IUE-Worksheet5.app"; sourceTree = BUILT_PRODUCTS_DIR; };
		F4973C3E2373597700BDF9DE /* AppDelegate.swift */ = {isa = PBXFileReference; lastKnownFileType = sourcecode.swift; path = AppDelegate.swift; sourceTree = "<group>"; };
		F4973C402373597700BDF9DE /* SceneDelegate.swift */ = {isa = PBXFileReference; lastKnownFileType = sourcecode.swift; path = SceneDelegate.swift; sourceTree = "<group>"; };
		F4973C422373597700BDF9DE /* ViewController.swift */ = {isa = PBXFileReference; lastKnownFileType = sourcecode.swift; path = ViewController.swift; sourceTree = "<group>"; };
		F4973C452373597700BDF9DE /* Base */ = {isa = PBXFileReference; lastKnownFileType = file.storyboard; name = Base; path = Base.lproj/Main.storyboard; sourceTree = "<group>"; };
		F4973C472373597800BDF9DE /* Assets.xcassets */ = {isa = PBXFileReference; lastKnownFileType = folder.assetcatalog; path = Assets.xcassets; sourceTree = "<group>"; };
		F4973C4A2373597800BDF9DE /* Base */ = {isa = PBXFileReference; lastKnownFileType = file.storyboard; name = Base; path = Base.lproj/LaunchScreen.storyboard; sourceTree = "<group>"; };
		F4973C4C2373597800BDF9DE /* Info.plist */ = {isa = PBXFileReference; lastKnownFileType = text.plist.xml; path = Info.plist; sourceTree = "<group>"; };
		F4973C542373663C00BDF9DE /* CustomButton.swift */ = {isa = PBXFileReference; lastKnownFileType = sourcecode.swift; path = CustomButton.swift; sourceTree = "<group>"; };
		F4973C562373689E00BDF9DE /* CounterView.swift */ = {isa = PBXFileReference; lastKnownFileType = sourcecode.swift; path = CounterView.swift; sourceTree = "<group>"; };
/* End PBXFileReference section */

/* Begin PBXFrameworksBuildPhase section */
		F4973C382373597700BDF9DE /* Frameworks */ = {
			isa = PBXFrameworksBuildPhase;
			buildActionMask = 2147483647;
			files = (
			);
			runOnlyForDeploymentPostprocessing = 0;
		};
/* End PBXFrameworksBuildPhase section */

/* Begin PBXGroup section */
		F4973C322373597700BDF9DE = {
			isa = PBXGroup;
			children = (
				F4973C3D2373597700BDF9DE /* IUE-Worksheet5 */,
				F4973C3C2373597700BDF9DE /* Products */,
			);
			sourceTree = "<group>";
		};
		F4973C3C2373597700BDF9DE /* Products */ = {
			isa = PBXGroup;
			children = (
				F4973C3B2373597700BDF9DE /* IUE-Worksheet5.app */,
			);
			name = Products;
			sourceTree = "<group>";
		};
		F4973C3D2373597700BDF9DE /* IUE-Worksheet5 */ = {
			isa = PBXGroup;
			children = (
				F4973C3E2373597700BDF9DE /* AppDelegate.swift */,
				F4973C402373597700BDF9DE /* SceneDelegate.swift */,
				F4973C422373597700BDF9DE /* ViewController.swift */,
				F4973C442373597700BDF9DE /* Main.storyboard */,
				F4973C472373597800BDF9DE /* Assets.xcassets */,
				F4973C492373597800BDF9DE /* LaunchScreen.storyboard */,
				F4973C4C2373597800BDF9DE /* Info.plist */,
				F4973C542373663C00BDF9DE /* CustomButton.swift */,
				F4973C562373689E00BDF9DE /* CounterView.swift */,
			);
			path = "IUE-Worksheet5";
			sourceTree = "<group>";
		};
/* End PBXGroup section */

/* Begin PBXNativeTarget section */
		F4973C3A2373597700BDF9DE /* IUE-Worksheet5 */ = {
			isa = PBXNativeTarget;
			buildConfigurationList = F4973C4F2373597800BDF9DE /* Build configuration list for PBXNativeTarget "IUE-Worksheet5" */;
			buildPhases = (
				F4973C372373597700BDF9DE /* Sources */,
				F4973C382373597700BDF9DE /* Frameworks */,
				F4973C392373597700BDF9DE /* Resources */,
			);
			buildRules = (
			);
			dependencies = (
			);
			name = "IUE-Worksheet5";
			productName = "IUE-Worksheet5";
			productReference = F4973C3B2373597700BDF9DE /* IUE-Worksheet5.app */;
			productType = "com.apple.product-type.application";
		};
/* End PBXNativeTarget section */

/* Begin PBXProject section */
		F4973C332373597700BDF9DE /* Project object */ = {
			isa = PBXProject;
			attributes = {
				LastSwiftUpdateCheck = 1100;
				LastUpgradeCheck = 1100;
				ORGANIZATIONNAME = "Oleksandr Gevko";
				TargetAttributes = {
					F4973C3A2373597700BDF9DE = {
						CreatedOnToolsVersion = 11.0;
					};
				};
			};
			buildConfigurationList = F4973C362373597700BDF9DE /* Build configuration list for PBXProject "IUE-Worksheet5" */;
			compatibilityVersion = "Xcode 9.3";
			developmentRegion = en;
			hasScannedForEncodings = 0;
			knownRegions = (
				en,
				Base,
			);
			mainGroup = F4973C322373597700BDF9DE;
			productRefGroup = F4973C3C2373597700BDF9DE /* Products */;
			projectDirPath = "";
			projectRoot = "";
			targets = (
				F4973C3A2373597700BDF9DE /* IUE-Worksheet5 */,
			);
		};
/* End PBXProject section */

/* Begin PBXResourcesBuildPhase section */
		F4973C392373597700BDF9DE /* Resources */ = {
			isa = PBXResourcesBuildPhase;
			buildActionMask = 2147483647;
			files = (
				F4973C4B2373597800BDF9DE /* LaunchScreen.storyboard in Resources */,
				F4973C482373597800BDF9DE /* Assets.xcassets in Resources */,
				F4973C462373597700BDF9DE /* Main.storyboard in Resources */,
			);
			runOnlyForDeploymentPostprocessing = 0;
		};
/* End PBXResourcesBuildPhase section */

/* Begin PBXSourcesBuildPhase section */
		F4973C372373597700BDF9DE /* Sources */ = {
			isa = PBXSourcesBuildPhase;
			buildActionMask = 2147483647;
			files = (
				F4973C552373663C00BDF9DE /* CustomButton.swift in Sources */,
				F4973C432373597700BDF9DE /* ViewController.swift in Sources */,
				F4973C3F2373597700BDF9DE /* AppDelegate.swift in Sources */,
				F4973C412373597700BDF9DE /* SceneDelegate.swift in Sources */,
				F4973C572373689E00BDF9DE /* CounterView.swift in Sources */,
			);
			runOnlyForDeploymentPostprocessing = 0;
		};
/* End PBXSourcesBuildPhase section */

/* Begin PBXVariantGroup section */
		F4973C442373597700BDF9DE /* Main.storyboard */ = {
			isa = PBXVariantGroup;
			children = (
				F4973C452373597700BDF9DE /* Base */,
			);
			name = Main.storyboard;
			sourceTree = "<group>";
		};
		F4973C492373597800BDF9DE /* LaunchScreen.storyboard */ = {
			isa = PBXVariantGroup;
			children = (
				F4973C4A2373597800BDF9DE /* Base */,
			);
			name = LaunchScreen.storyboard;
			sourceTree = "<group>";
		};
/* End PBXVariantGroup section */

/* Begin XCBuildConfiguration section */
		F4973C4D2373597800BDF9DE /* Debug */ = {
			isa = XCBuildConfiguration;
			buildSettings = {
				ALWAYS_SEARCH_USER_PATHS = NO;
				CLANG_ANALYZER_NONNULL = YES;
				CLANG_ANALYZER_NUMBER_OBJECT_CONVERSION = YES_AGGRESSIVE;
				CLANG_CXX_LANGUAGE_STANDARD = "gnu++14";
				CLANG_CXX_LIBRARY = "libc++";
				CLANG_ENABLE_MODULES = YES;
				CLANG_ENABLE_OBJC_ARC = YES;
				CLANG_ENABLE_OBJC_WEAK = YES;
				CLANG_WARN_BLOCK_CAPTURE_AUTORELEASING = YES;
				CLANG_WARN_BOOL_CONVERSION = YES;
				CLANG_WARN_COMMA = YES;
				CLANG_WARN_CONSTANT_CONVERSION = YES;
				CLANG_WARN_DEPRECATED_OBJC_IMPLEMENTATIONS = YES;
				CLANG_WARN_DIRECT_OBJC_ISA_USAGE = YES_ERROR;
				CLANG_WARN_DOCUMENTATION_COMMENTS = YES;
				CLANG_WARN_EMPTY_BODY = YES;
				CLANG_WARN_ENUM_CONVERSION = YES;
				CLANG_WARN_INFINITE_RECURSION = YES;
				CLANG_WARN_INT_CONVERSION = YES;
				CLANG_WARN_NON_LITERAL_NULL_CONVERSION = YES;
				CLANG_WARN_OBJC_IMPLICIT_RETAIN_SELF = YES;
				CLANG_WARN_OBJC_LITERAL_CONVERSION = YES;
				CLANG_WARN_OBJC_ROOT_CLASS = YES_ERROR;
				CLANG_WARN_RANGE_LOOP_ANALYSIS = YES;
				CLANG_WARN_STRICT_PROTOTYPES = YES;
				CLANG_WARN_SUSPICIOUS_MOVE = YES;
				CLANG_WARN_UNGUARDED_AVAILABILITY = YES_AGGRESSIVE;
				CLANG_WARN_UNREACHABLE_CODE = YES;
				CLANG_WARN__DUPLICATE_METHOD_MATCH = YES;
				COPY_PHASE_STRIP = NO;
				DEBUG_INFORMATION_FORMAT = dwarf;
				ENABLE_STRICT_OBJC_MSGSEND = YES;
				ENABLE_TESTABILITY = YES;
				GCC_C_LANGUAGE_STANDARD = gnu11;
				GCC_DYNAMIC_NO_PIC = NO;
				GCC_NO_COMMON_BLOCKS = YES;
				GCC_OPTIMIZATION_LEVEL = 0;
				GCC_PREPROCESSOR_DEFINITIONS = (
					"DEBUG=1",
					"$(inherited)",
				);
				GCC_WARN_64_TO_32_BIT_CONVERSION = YES;
				GCC_WARN_ABOUT_RETURN_TYPE = YES_ERROR;
				GCC_WARN_UNDECLARED_SELECTOR = YES;
				GCC_WARN_UNINITIALIZED_AUTOS = YES_AGGRESSIVE;
				GCC_WARN_UNUSED_FUNCTION = YES;
				GCC_WARN_UNUSED_VARIABLE = YES;
				IPHONEOS_DEPLOYMENT_TARGET = 13.0;
				MTL_ENABLE_DEBUG_INFO = INCLUDE_SOURCE;
				MTL_FAST_MATH = YES;
				ONLY_ACTIVE_ARCH = YES;
				SDKROOT = iphoneos;
				SWIFT_ACTIVE_COMPILATION_CONDITIONS = DEBUG;
				SWIFT_OPTIMIZATION_LEVEL = "-Onone";
			};
			name = Debug;
		};
		F4973C4E2373597800BDF9DE /* Release */ = {
			isa = XCBuildConfiguration;
			buildSettings = {
				ALWAYS_SEARCH_USER_PATHS = NO;
				CLANG_ANALYZER_NONNULL = YES;
				CLANG_ANALYZER_NUMBER_OBJECT_CONVERSION = YES_AGGRESSIVE;
				CLANG_CXX_LANGUAGE_STANDARD = "gnu++14";
				CLANG_CXX_LIBRARY = "libc++";
				CLANG_ENABLE_MODULES = YES;
				CLANG_ENABLE_OBJC_ARC = YES;
				CLANG_ENABLE_OBJC_WEAK = YES;
				CLANG_WARN_BLOCK_CAPTURE_AUTORELEASING = YES;
				CLANG_WARN_BOOL_CONVERSION = YES;
				CLANG_WARN_COMMA = YES;
				CLANG_WARN_CONSTANT_CONVERSION = YES;
				CLANG_WARN_DEPRECATED_OBJC_IMPLEMENTATIONS = YES;
				CLANG_WARN_DIRECT_OBJC_ISA_USAGE = YES_ERROR;
				CLANG_WARN_DOCUMENTATION_COMMENTS = YES;
				CLANG_WARN_EMPTY_BODY = YES;
				CLANG_WARN_ENUM_CONVERSION = YES;
				CLANG_WARN_INFINITE_RECURSION = YES;
				CLANG_WARN_INT_CONVERSION = YES;
				CLANG_WARN_NON_LITERAL_NULL_CONVERSION = YES;
				CLANG_WARN_OBJC_IMPLICIT_RETAIN_SELF = YES;
				CLANG_WARN_OBJC_LITERAL_CONVERSION = YES;
				CLANG_WARN_OBJC_ROOT_CLASS = YES_ERROR;
				CLANG_WARN_RANGE_LOOP_ANALYSIS = YES;
				CLANG_WARN_STRICT_PROTOTYPES = YES;
				CLANG_WARN_SUSPICIOUS_MOVE = YES;
				CLANG_WARN_UNGUARDED_AVAILABILITY = YES_AGGRESSIVE;
				CLANG_WARN_UNREACHABLE_CODE = YES;
				CLANG_WARN__DUPLICATE_METHOD_MATCH = YES;
				COPY_PHASE_STRIP = NO;
				DEBUG_INFORMATION_FORMAT = "dwarf-with-dsym";
				ENABLE_NS_ASSERTIONS = NO;
				ENABLE_STRICT_OBJC_MSGSEND = YES;
				GCC_C_LANGUAGE_STANDARD = gnu11;
				GCC_NO_COMMON_BLOCKS = YES;
				GCC_WARN_64_TO_32_BIT_CONVERSION = YES;
				GCC_WARN_ABOUT_RETURN_TYPE = YES_ERROR;
				GCC_WARN_UNDECLARED_SELECTOR = YES;
				GCC_WARN_UNINITIALIZED_AUTOS = YES_AGGRESSIVE;
				GCC_WARN_UNUSED_FUNCTION = YES;
				GCC_WARN_UNUSED_VARIABLE = YES;
				IPHONEOS_DEPLOYMENT_TARGET = 13.0;
				MTL_ENABLE_DEBUG_INFO = NO;
				MTL_FAST_MATH = YES;
				SDKROOT = iphoneos;
				SWIFT_COMPILATION_MODE = wholemodule;
				SWIFT_OPTIMIZATION_LEVEL = "-O";
				VALIDATE_PRODUCT = YES;
			};
			name = Release;
		};
		F4973C502373597800BDF9DE /* Debug */ = {
			isa = XCBuildConfiguration;
			buildSettings = {
				ASSETCATALOG_COMPILER_APPICON_NAME = AppIcon;
				CODE_SIGN_STYLE = Automatic;
				INFOPLIST_FILE = "IUE-Worksheet5/Info.plist";
				LD_RUNPATH_SEARCH_PATHS = (
					"$(inherited)",
					"@executable_path/Frameworks",
				);
				PRODUCT_BUNDLE_IDENTIFIER = "IPLEIRIA.IUE-Worksheet5";
				PRODUCT_NAME = "$(TARGET_NAME)";
				SWIFT_VERSION = 5.0;
				TARGETED_DEVICE_FAMILY = "1,2";
			};
			name = Debug;
		};
		F4973C512373597800BDF9DE /* Release */ = {
			isa = XCBuildConfiguration;
			buildSettings = {
				ASSETCATALOG_COMPILER_APPICON_NAME = AppIcon;
				CODE_SIGN_STYLE = Automatic;
				INFOPLIST_FILE = "IUE-Worksheet5/Info.plist";
				LD_RUNPATH_SEARCH_PATHS = (
					"$(inherited)",
					"@executable_path/Frameworks",
				);
				PRODUCT_BUNDLE_IDENTIFIER = "IPLEIRIA.IUE-Worksheet5";
				PRODUCT_NAME = "$(TARGET_NAME)";
				SWIFT_VERSION = 5.0;
				TARGETED_DEVICE_FAMILY = "1,2";
			};
			name = Release;
		};
/* End XCBuildConfiguration section */

/* Begin XCConfigurationList section */
		F4973C362373597700BDF9DE /* Build configuration list for PBXProject "IUE-Worksheet5" */ = {
			isa = XCConfigurationList;
			buildConfigurations = (
				F4973C4D2373597800BDF9DE /* Debug */,
				F4973C4E2373597800BDF9DE /* Release */,
			);
			defaultConfigurationIsVisible = 0;
			defaultConfigurationName = Release;
		};
		F4973C4F2373597800BDF9DE /* Build configuration list for PBXNativeTarget "IUE-Worksheet5" */ = {
			isa = XCConfigurationList;
			buildConfigurations = (
				F4973C502373597800BDF9DE /* Debug */,
				F4973C512373597800BDF9DE /* Release */,
			);
			defaultConfigurationIsVisible = 0;
			defaultConfigurationName = Release;
		};
/* End XCConfigurationList section */
	};
	rootObject = F4973C332373597700BDF9DE /* Project object */;
}
